
Microsoft Visual Studio Solution File, Format Version 12.00
# Visual Studio Version 16
VisualStudioVersion = 16.0.31205.134
MinimumVisualStudioVersion = 10.0.40219.1
Project("{FAE04EC0-301F-11D3-BF4B-00C04F79EFBC}") = "InterpolacionNumericaNewton", "InterpolacionNumericaNewton.csproj", "{1694667A-85ED-4F38-BE20-505987C8B22A}"
EndProject
Global
	GlobalSection(SolutionConfigurationPlatforms) = preSolution
		Debug|Any CPU = Debug|Any CPU
		Release|Any CPU = Release|Any CPU
	EndGlobalSection
	GlobalSection(ProjectConfigurationPlatforms) = postSolution
		{1694667A-85ED-4F38-BE20-505987C8B22A}.Debug|Any CPU.ActiveCfg = Debug|Any CPU
		{1694667A-85ED-4F38-BE20-505987C8B22A}.Debug|Any CPU.Build.0 = Debug|Any CPU
		{1694667A-85ED-4F38-BE20-505987C8B22A}.Release|Any CPU.ActiveCfg = Release|Any CPU
		{1694667A-85ED-4F38-BE20-505987C8B22A}.Release|Any CPU.Build.0 = Release|Any CPU
	EndGlobalSection
	GlobalSection(SolutionProperties) = preSolution
		HideSolutionNode = FALSE
	EndGlobalSection
	GlobalSection(ExtensibilityGlobals) = postSolution
		SolutionGuid = {6C10CDE8-87C0-4705-B681-7EB18A315D5A}
	EndGlobalSection
EndGlobal
